
Microsoft Visual Studio Solution File, Format Version 12.00
# Visual Studio Version 17
VisualStudioVersion = 17.5.002.0
MinimumVisualStudioVersion = 10.0.40219.1
Project("{9A19103F-16F7-4668-BE54-9A1E7A4F7556}") = "TypeCat", "TypeCat.csproj", "{1D06FB6F-BD7A-4CEB-AE73-2BFE56340682}"
EndProject
Global
	GlobalSection(SolutionConfigurationPlatforms) = preSolution
		Debug|Any CPU = Debug|Any CPU
		Release|Any CPU = Release|Any CPU
	EndGlobalSection
	GlobalSection(ProjectConfigurationPlatforms) = postSolution
		{1D06FB6F-BD7A-4CEB-AE73-2BFE56340682}.Debug|Any CPU.ActiveCfg = Debug|Any CPU
		{1D06FB6F-BD7A-4CEB-AE73-2BFE56340682}.Debug|Any CPU.Build.0 = Debug|Any CPU
		{1D06FB6F-BD7A-4CEB-AE73-2BFE56340682}.Release|Any CPU.ActiveCfg = Release|Any CPU
		{1D06FB6F-BD7A-4CEB-AE73-2BFE56340682}.Release|Any CPU.Build.0 = Release|Any CPU
	EndGlobalSection
	GlobalSection(SolutionProperties) = preSolution
		HideSolutionNode = FALSE
	EndGlobalSection
	GlobalSection(ExtensibilityGlobals) = postSolution
		SolutionGuid = {81DFFA3A-60E2-43E2-9CED-A27364B96905}
	EndGlobalSection
EndGlobal
